// !$*UTF8*$!
{
	archiveVersion = 1;
	classes = {
	};
	objectVersion = 56;
	objects = {

/* Begin PBXBuildFile section */
		72B2994A2A4739000024602B /* firebase_connectionApp.swift in Sources */ = {isa = PBXBuildFile; fileRef = 72B299492A4739000024602B /* firebase_connectionApp.swift */; };
		72B2994C2A4739000024602B /* ContentView.swift in Sources */ = {isa = PBXBuildFile; fileRef = 72B2994B2A4739000024602B /* ContentView.swift */; };
		72B2994E2A4739030024602B /* Assets.xcassets in Resources */ = {isa = PBXBuildFile; fileRef = 72B2994D2A4739030024602B /* Assets.xcassets */; };
		72B299512A4739030024602B /* Preview Assets.xcassets in Resources */ = {isa = PBXBuildFile; fileRef = 72B299502A4739030024602B /* Preview Assets.xcassets */; };
		72B299582A4739C60024602B /* GoogleService-Info.plist in Resources */ = {isa = PBXBuildFile; fileRef = 72B299572A4739C60024602B /* GoogleService-Info.plist */; };
		72B2995B2A473B4D0024602B /* FirebaseAnalytics in Frameworks */ = {isa = PBXBuildFile; productRef = 72B2995A2A473B4D0024602B /* FirebaseAnalytics */; };
		72B2995D2A473B4D0024602B /* FirebaseAnalyticsSwift in Frameworks */ = {isa = PBXBuildFile; productRef = 72B2995C2A473B4D0024602B /* FirebaseAnalyticsSwift */; };
		72B299602A473DDC0024602B /* FirebaseAuth in Frameworks */ = {isa = PBXBuildFile; productRef = 72B2995F2A473DDC0024602B /* FirebaseAuth */; };
		72B299632A473EE70024602B /* AuthenticationView.swift in Sources */ = {isa = PBXBuildFile; fileRef = 72B299622A473EE70024602B /* AuthenticationView.swift */; };
		72B299652A4740960024602B /* SignInEmailView.swift in Sources */ = {isa = PBXBuildFile; fileRef = 72B299642A4740960024602B /* SignInEmailView.swift */; };
		72B299672A47479C0024602B /* AuthenticationManger.swift in Sources */ = {isa = PBXBuildFile; fileRef = 72B299662A47479C0024602B /* AuthenticationManger.swift */; };
/* End PBXBuildFile section */

/* Begin PBXFileReference section */
		72B299462A4739000024602B /* firebase-connection.app */ = {isa = PBXFileReference; explicitFileType = wrapper.application; includeInIndex = 0; path = "firebase-connection.app"; sourceTree = BUILT_PRODUCTS_DIR; };
		72B299492A4739000024602B /* firebase_connectionApp.swift */ = {isa = PBXFileReference; lastKnownFileType = sourcecode.swift; path = firebase_connectionApp.swift; sourceTree = "<group>"; };
		72B2994B2A4739000024602B /* ContentView.swift */ = {isa = PBXFileReference; lastKnownFileType = sourcecode.swift; path = ContentView.swift; sourceTree = "<group>"; };
		72B2994D2A4739030024602B /* Assets.xcassets */ = {isa = PBXFileReference; lastKnownFileType = folder.assetcatalog; path = Assets.xcassets; sourceTree = "<group>"; };
		72B299502A4739030024602B /* Preview Assets.xcassets */ = {isa = PBXFileReference; lastKnownFileType = folder.assetcatalog; path = "Preview Assets.xcassets"; sourceTree = "<group>"; };
		72B299572A4739C60024602B /* GoogleService-Info.plist */ = {isa = PBXFileReference; fileEncoding = 4; lastKnownFileType = text.plist.xml; path = "GoogleService-Info.plist"; sourceTree = "<group>"; };
		72B299622A473EE70024602B /* AuthenticationView.swift */ = {isa = PBXFileReference; lastKnownFileType = sourcecode.swift; path = AuthenticationView.swift; sourceTree = "<group>"; };
		72B299642A4740960024602B /* SignInEmailView.swift */ = {isa = PBXFileReference; lastKnownFileType = sourcecode.swift; path = SignInEmailView.swift; sourceTree = "<group>"; };
		72B299662A47479C0024602B /* AuthenticationManger.swift */ = {isa = PBXFileReference; lastKnownFileType = sourcecode.swift; path = AuthenticationManger.swift; sourceTree = "<group>"; };
/* End PBXFileReference section */

/* Begin PBXFrameworksBuildPhase section */
		72B299432A4739000024602B /* Frameworks */ = {
			isa = PBXFrameworksBuildPhase;
			buildActionMask = 2147483647;
			files = (
				72B2995D2A473B4D0024602B /* FirebaseAnalyticsSwift in Frameworks */,
				72B299602A473DDC0024602B /* FirebaseAuth in Frameworks */,
				72B2995B2A473B4D0024602B /* FirebaseAnalytics in Frameworks */,
			);
			runOnlyForDeploymentPostprocessing = 0;
		};
/* End PBXFrameworksBuildPhase section */

/* Begin PBXGroup section */
		72B2993D2A4739000024602B = {
			isa = PBXGroup;
			children = (
				72B299482A4739000024602B /* firebase-connection */,
				72B299472A4739000024602B /* Products */,
				72B2995E2A473DDC0024602B /* Frameworks */,
			);
			sourceTree = "<group>";
		};
		72B299472A4739000024602B /* Products */ = {
			isa = PBXGroup;
			children = (
				72B299462A4739000024602B /* firebase-connection.app */,
			);
			name = Products;
			sourceTree = "<group>";
		};
		72B299482A4739000024602B /* firebase-connection */ = {
			isa = PBXGroup;
			children = (
				72B299612A473EA90024602B /* Authentication */,
				72B299492A4739000024602B /* firebase_connectionApp.swift */,
				72B2994B2A4739000024602B /* ContentView.swift */,
				72B299572A4739C60024602B /* GoogleService-Info.plist */,
				72B2994D2A4739030024602B /* Assets.xcassets */,
				72B2994F2A4739030024602B /* Preview Content */,
			);
			path = "firebase-connection";
			sourceTree = "<group>";
		};
		72B2994F2A4739030024602B /* Preview Content */ = {
			isa = PBXGroup;
			children = (
				72B299502A4739030024602B /* Preview Assets.xcassets */,
			);
			path = "Preview Content";
			sourceTree = "<group>";
		};
		72B2995E2A473DDC0024602B /* Frameworks */ = {
			isa = PBXGroup;
			children = (
			);
			name = Frameworks;
			sourceTree = "<group>";
		};
		72B299612A473EA90024602B /* Authentication */ = {
			isa = PBXGroup;
			children = (
				72B299622A473EE70024602B /* AuthenticationView.swift */,
				72B299642A4740960024602B /* SignInEmailView.swift */,
				72B299662A47479C0024602B /* AuthenticationManger.swift */,
			);
			path = Authentication;
			sourceTree = "<group>";
		};
/* End PBXGroup section */

/* Begin PBXNativeTarget section */
		72B299452A4739000024602B /* firebase-connection */ = {
			isa = PBXNativeTarget;
			buildConfigurationList = 72B299542A4739030024602B /* Build configuration list for PBXNativeTarget "firebase-connection" */;
			buildPhases = (
				72B299422A4739000024602B /* Sources */,
				72B299432A4739000024602B /* Frameworks */,
				72B299442A4739000024602B /* Resources */,
			);
			buildRules = (
			);
			dependencies = (
			);
			name = "firebase-connection";
			packageProductDependencies = (
				72B2995A2A473B4D0024602B /* FirebaseAnalytics */,
				72B2995C2A473B4D0024602B /* FirebaseAnalyticsSwift */,
				72B2995F2A473DDC0024602B /* FirebaseAuth */,
			);
			productName = "firebase-connection";
			productReference = 72B299462A4739000024602B /* firebase-connection.app */;
			productType = "com.apple.product-type.application";
		};
/* End PBXNativeTarget section */

/* Begin PBXProject section */
		72B2993E2A4739000024602B /* Project object */ = {
			isa = PBXProject;
			attributes = {
				BuildIndependentTargetsInParallel = 1;
				LastSwiftUpdateCheck = 1430;
				LastUpgradeCheck = 1430;
				TargetAttributes = {
					72B299452A4739000024602B = {
						CreatedOnToolsVersion = 14.3;
					};
				};
			};
			buildConfigurationList = 72B299412A4739000024602B /* Build configuration list for PBXProject "firebase-connection" */;
			compatibilityVersion = "Xcode 14.0";
			developmentRegion = en;
			hasScannedForEncodings = 0;
			knownRegions = (
				en,
				Base,
			);
			mainGroup = 72B2993D2A4739000024602B;
			packageReferences = (
				72B299592A473B4D0024602B /* XCRemoteSwiftPackageReference "firebase-ios-sdk" */,
			);
			productRefGroup = 72B299472A4739000024602B /* Products */;
			projectDirPath = "";
			projectRoot = "";
			targets = (
				72B299452A4739000024602B /* firebase-connection */,
			);
		};
/* End PBXProject section */

/* Begin PBXResourcesBuildPhase section */
		72B299442A4739000024602B /* Resources */ = {
			isa = PBXResourcesBuildPhase;
			buildActionMask = 2147483647;
			files = (
				72B299512A4739030024602B /* Preview Assets.xcassets in Resources */,
				72B2994E2A4739030024602B /* Assets.xcassets in Resources */,
				72B299582A4739C60024602B /* GoogleService-Info.plist in Resources */,
			);
			runOnlyForDeploymentPostprocessing = 0;
		};
/* End PBXResourcesBuildPhase section */

/* Begin PBXSourcesBuildPhase section */
		72B299422A4739000024602B /* Sources */ = {
			isa = PBXSourcesBuildPhase;
			buildActionMask = 2147483647;
			files = (
				72B2994C2A4739000024602B /* ContentView.swift in Sources */,
				72B299672A47479C0024602B /* AuthenticationManger.swift in Sources */,
				72B2994A2A4739000024602B /* firebase_connectionApp.swift in Sources */,
				72B299632A473EE70024602B /* AuthenticationView.swift in Sources */,
				72B299652A4740960024602B /* SignInEmailView.swift in Sources */,
			);
			runOnlyForDeploymentPostprocessing = 0;
		};
/* End PBXSourcesBuildPhase section */

/* Begin XCBuildConfiguration section */
		72B299522A4739030024602B /* Debug */ = {
			isa = XCBuildConfiguration;
			buildSettings = {
				ALWAYS_SEARCH_USER_PATHS = NO;
				CLANG_ANALYZER_NONNULL = YES;
				CLANG_ANALYZER_NUMBER_OBJECT_CONVERSION = YES_AGGRESSIVE;
				CLANG_CXX_LANGUAGE_STANDARD = "gnu++20";
				CLANG_ENABLE_MODULES = YES;
				CLANG_ENABLE_OBJC_ARC = YES;
				CLANG_ENABLE_OBJC_WEAK = YES;
				CLANG_WARN_BLOCK_CAPTURE_AUTORELEASING = YES;
				CLANG_WARN_BOOL_CONVERSION = YES;
				CLANG_WARN_COMMA = YES;
				CLANG_WARN_CONSTANT_CONVERSION = YES;
				CLANG_WARN_DEPRECATED_OBJC_IMPLEMENTATIONS = YES;
				CLANG_WARN_DIRECT_OBJC_ISA_USAGE = YES_ERROR;
				CLANG_WARN_DOCUMENTATION_COMMENTS = YES;
				CLANG_WARN_EMPTY_BODY = YES;
				CLANG_WARN_ENUM_CONVERSION = YES;
				CLANG_WARN_INFINITE_RECURSION = YES;
				CLANG_WARN_INT_CONVERSION = YES;
				CLANG_WARN_NON_LITERAL_NULL_CONVERSION = YES;
				CLANG_WARN_OBJC_IMPLICIT_RETAIN_SELF = YES;
				CLANG_WARN_OBJC_LITERAL_CONVERSION = YES;
				CLANG_WARN_OBJC_ROOT_CLASS = YES_ERROR;
				CLANG_WARN_QUOTED_INCLUDE_IN_FRAMEWORK_HEADER = YES;
				CLANG_WARN_RANGE_LOOP_ANALYSIS = YES;
				CLANG_WARN_STRICT_PROTOTYPES = YES;
				CLANG_WARN_SUSPICIOUS_MOVE = YES;
				CLANG_WARN_UNGUARDED_AVAILABILITY = YES_AGGRESSIVE;
				CLANG_WARN_UNREACHABLE_CODE = YES;
				CLANG_WARN__DUPLICATE_METHOD_MATCH = YES;
				COPY_PHASE_STRIP = NO;
				DEBUG_INFORMATION_FORMAT = dwarf;
				ENABLE_STRICT_OBJC_MSGSEND = YES;
				ENABLE_TESTABILITY = YES;
				GCC_C_LANGUAGE_STANDARD = gnu11;
				GCC_DYNAMIC_NO_PIC = NO;
				GCC_NO_COMMON_BLOCKS = YES;
				GCC_OPTIMIZATION_LEVEL = 0;
				GCC_PREPROCESSOR_DEFINITIONS = (
					"DEBUG=1",
					"$(inherited)",
				);
				GCC_WARN_64_TO_32_BIT_CONVERSION = YES;
				GCC_WARN_ABOUT_RETURN_TYPE = YES_ERROR;
				GCC_WARN_UNDECLARED_SELECTOR = YES;
				GCC_WARN_UNINITIALIZED_AUTOS = YES_AGGRESSIVE;
				GCC_WARN_UNUSED_FUNCTION = YES;
				GCC_WARN_UNUSED_VARIABLE = YES;
				IPHONEOS_DEPLOYMENT_TARGET = 16.4;
				MTL_ENABLE_DEBUG_INFO = INCLUDE_SOURCE;
				MTL_FAST_MATH = YES;
				ONLY_ACTIVE_ARCH = YES;
				SDKROOT = iphoneos;
				SWIFT_ACTIVE_COMPILATION_CONDITIONS = DEBUG;
				SWIFT_OPTIMIZATION_LEVEL = "-Onone";
			};
			name = Debug;
		};
		72B299532A4739030024602B /* Release */ = {
			isa = XCBuildConfiguration;
			buildSettings = {
				ALWAYS_SEARCH_USER_PATHS = NO;
				CLANG_ANALYZER_NONNULL = YES;
				CLANG_ANALYZER_NUMBER_OBJECT_CONVERSION = YES_AGGRESSIVE;
				CLANG_CXX_LANGUAGE_STANDARD = "gnu++20";
				CLANG_ENABLE_MODULES = YES;
				CLANG_ENABLE_OBJC_ARC = YES;
				CLANG_ENABLE_OBJC_WEAK = YES;
				CLANG_WARN_BLOCK_CAPTURE_AUTORELEASING = YES;
				CLANG_WARN_BOOL_CONVERSION = YES;
				CLANG_WARN_COMMA = YES;
				CLANG_WARN_CONSTANT_CONVERSION = YES;
				CLANG_WARN_DEPRECATED_OBJC_IMPLEMENTATIONS = YES;
				CLANG_WARN_DIRECT_OBJC_ISA_USAGE = YES_ERROR;
				CLANG_WARN_DOCUMENTATION_COMMENTS = YES;
				CLANG_WARN_EMPTY_BODY = YES;
				CLANG_WARN_ENUM_CONVERSION = YES;
				CLANG_WARN_INFINITE_RECURSION = YES;
				CLANG_WARN_INT_CONVERSION = YES;
				CLANG_WARN_NON_LITERAL_NULL_CONVERSION = YES;
				CLANG_WARN_OBJC_IMPLICIT_RETAIN_SELF = YES;
				CLANG_WARN_OBJC_LITERAL_CONVERSION = YES;
				CLANG_WARN_OBJC_ROOT_CLASS = YES_ERROR;
				CLANG_WARN_QUOTED_INCLUDE_IN_FRAMEWORK_HEADER = YES;
				CLANG_WARN_RANGE_LOOP_ANALYSIS = YES;
				CLANG_WARN_STRICT_PROTOTYPES = YES;
				CLANG_WARN_SUSPICIOUS_MOVE = YES;
				CLANG_WARN_UNGUARDED_AVAILABILITY = YES_AGGRESSIVE;
				CLANG_WARN_UNREACHABLE_CODE = YES;
				CLANG_WARN__DUPLICATE_METHOD_MATCH = YES;
				COPY_PHASE_STRIP = NO;
				DEBUG_INFORMATION_FORMAT = "dwarf-with-dsym";
				ENABLE_NS_ASSERTIONS = NO;
				ENABLE_STRICT_OBJC_MSGSEND = YES;
				GCC_C_LANGUAGE_STANDARD = gnu11;
				GCC_NO_COMMON_BLOCKS = YES;
				GCC_WARN_64_TO_32_BIT_CONVERSION = YES;
				GCC_WARN_ABOUT_RETURN_TYPE = YES_ERROR;
				GCC_WARN_UNDECLARED_SELECTOR = YES;
				GCC_WARN_UNINITIALIZED_AUTOS = YES_AGGRESSIVE;
				GCC_WARN_UNUSED_FUNCTION = YES;
				GCC_WARN_UNUSED_VARIABLE = YES;
				IPHONEOS_DEPLOYMENT_TARGET = 16.4;
				MTL_ENABLE_DEBUG_INFO = NO;
				MTL_FAST_MATH = YES;
				SDKROOT = iphoneos;
				SWIFT_COMPILATION_MODE = wholemodule;
				SWIFT_OPTIMIZATION_LEVEL = "-O";
				VALIDATE_PRODUCT = YES;
			};
			name = Release;
		};
		72B299552A4739030024602B /* Debug */ = {
			isa = XCBuildConfiguration;
			buildSettings = {
				ASSETCATALOG_COMPILER_APPICON_NAME = AppIcon;
				ASSETCATALOG_COMPILER_GLOBAL_ACCENT_COLOR_NAME = AccentColor;
				CODE_SIGN_STYLE = Automatic;
				CURRENT_PROJECT_VERSION = 1;
				DEVELOPMENT_ASSET_PATHS = "\"firebase-connection/Preview Content\"";
				DEVELOPMENT_TEAM = RS9U7K9J88;
				ENABLE_PREVIEWS = YES;
				GENERATE_INFOPLIST_FILE = YES;
				INFOPLIST_KEY_UIApplicationSceneManifest_Generation = YES;
				INFOPLIST_KEY_UIApplicationSupportsIndirectInputEvents = YES;
				INFOPLIST_KEY_UILaunchScreen_Generation = YES;
				INFOPLIST_KEY_UISupportedInterfaceOrientations_iPad = "UIInterfaceOrientationPortrait UIInterfaceOrientationPortraitUpsideDown UIInterfaceOrientationLandscapeLeft UIInterfaceOrientationLandscapeRight";
				INFOPLIST_KEY_UISupportedInterfaceOrientations_iPhone = "UIInterfaceOrientationPortrait UIInterfaceOrientationLandscapeLeft UIInterfaceOrientationLandscapeRight";
				LD_RUNPATH_SEARCH_PATHS = (
					"$(inherited)",
					"@executable_path/Frameworks",
				);
				MARKETING_VERSION = 1.0;
				PRODUCT_BUNDLE_IDENTIFIER = "vithushanlogan.firebase-connection";
				PRODUCT_NAME = "$(TARGET_NAME)";
				SWIFT_EMIT_LOC_STRINGS = YES;
				SWIFT_VERSION = 5.0;
				TARGETED_DEVICE_FAMILY = "1,2";
			};
			name = Debug;
		};
		72B299562A4739030024602B /* Release */ = {
			isa = XCBuildConfiguration;
			buildSettings = {
				ASSETCATALOG_COMPILER_APPICON_NAME = AppIcon;
				ASSETCATALOG_COMPILER_GLOBAL_ACCENT_COLOR_NAME = AccentColor;
				CODE_SIGN_STYLE = Automatic;
				CURRENT_PROJECT_VERSION = 1;
				DEVELOPMENT_ASSET_PATHS = "\"firebase-connection/Preview Content\"";
				DEVELOPMENT_TEAM = RS9U7K9J88;
				ENABLE_PREVIEWS = YES;
				GENERATE_INFOPLIST_FILE = YES;
				INFOPLIST_KEY_UIApplicationSceneManifest_Generation = YES;
				INFOPLIST_KEY_UIApplicationSupportsIndirectInputEvents = YES;
				INFOPLIST_KEY_UILaunchScreen_Generation = YES;
				INFOPLIST_KEY_UISupportedInterfaceOrientations_iPad = "UIInterfaceOrientationPortrait UIInterfaceOrientationPortraitUpsideDown UIInterfaceOrientationLandscapeLeft UIInterfaceOrientationLandscapeRight";
				INFOPLIST_KEY_UISupportedInterfaceOrientations_iPhone = "UIInterfaceOrientationPortrait UIInterfaceOrientationLandscapeLeft UIInterfaceOrientationLandscapeRight";
				LD_RUNPATH_SEARCH_PATHS = (
					"$(inherited)",
					"@executable_path/Frameworks",
				);
				MARKETING_VERSION = 1.0;
				PRODUCT_BUNDLE_IDENTIFIER = "vithushanlogan.firebase-connection";
				PRODUCT_NAME = "$(TARGET_NAME)";
				SWIFT_EMIT_LOC_STRINGS = YES;
				SWIFT_VERSION = 5.0;
				TARGETED_DEVICE_FAMILY = "1,2";
			};
			name = Release;
		};
/* End XCBuildConfiguration section */

/* Begin XCConfigurationList section */
		72B299412A4739000024602B /* Build configuration list for PBXProject "firebase-connection" */ = {
			isa = XCConfigurationList;
			buildConfigurations = (
				72B299522A4739030024602B /* Debug */,
				72B299532A4739030024602B /* Release */,
			);
			defaultConfigurationIsVisible = 0;
			defaultConfigurationName = Release;
		};
		72B299542A4739030024602B /* Build configuration list for PBXNativeTarget "firebase-connection" */ = {
			isa = XCConfigurationList;
			buildConfigurations = (
				72B299552A4739030024602B /* Debug */,
				72B299562A4739030024602B /* Release */,
			);
			defaultConfigurationIsVisible = 0;
			defaultConfigurationName = Release;
		};
/* End XCConfigurationList section */

/* Begin XCRemoteSwiftPackageReference section */
		72B299592A473B4D0024602B /* XCRemoteSwiftPackageReference "firebase-ios-sdk" */ = {
			isa = XCRemoteSwiftPackageReference;
			repositoryURL = "https://github.com/firebase/firebase-ios-sdk";
			requirement = {
				kind = exactVersion;
				version = 10.4.0;
			};
		};
/* End XCRemoteSwiftPackageReference section */

/* Begin XCSwiftPackageProductDependency section */
		72B2995A2A473B4D0024602B /* FirebaseAnalytics */ = {
			isa = XCSwiftPackageProductDependency;
			package = 72B299592A473B4D0024602B /* XCRemoteSwiftPackageReference "firebase-ios-sdk" */;
			productName = FirebaseAnalytics;
		};
		72B2995C2A473B4D0024602B /* FirebaseAnalyticsSwift */ = {
			isa = XCSwiftPackageProductDependency;
			package = 72B299592A473B4D0024602B /* XCRemoteSwiftPackageReference "firebase-ios-sdk" */;
			productName = FirebaseAnalyticsSwift;
		};
		72B2995F2A473DDC0024602B /* FirebaseAuth */ = {
			isa = XCSwiftPackageProductDependency;
			package = 72B299592A473B4D0024602B /* XCRemoteSwiftPackageReference "firebase-ios-sdk" */;
			productName = FirebaseAuth;
		};
/* End XCSwiftPackageProductDependency section */
	};
	rootObject = 72B2993E2A4739000024602B /* Project object */;
}
